PODS:
  - GoogleMaps (2.3.1):
    - GoogleMaps/Maps (= 2.3.1)
  - GoogleMaps/Base (2.3.1)
  - GoogleMaps/Maps (2.3.1):
    - GoogleMaps/Base
  - GooglePlaces (2.3.1):
    - GoogleMaps/Base (= 2.3.1)

DEPENDENCIES:
  - GoogleMaps
  - GooglePlaces

SPEC CHECKSUMS:
  GoogleMaps: c66a71058b9b1294bcdd5463a68e357fa50c079f
  GooglePlaces: 4a7b22debfa1af65017b82943431822607e45201

PODFILE CHECKSUM: 454fdd7b59af294e6a6c59718ace74478cc30879

COCOAPODS: 1.3.0.beta.2
