// !$*UTF8*$!
{
	archiveVersion = 1;
	classes = {
	};
	objectVersion = 46;
	objects = {

/* Begin PBXBuildFile section */
		0F6A1DCB6646FF50240E7A7E /* Pods_Trippie.framework in Frameworks */ = {isa = PBXBuildFile; fileRef = 77E9FE1E6AB645702C1536E9 /* Pods_Trippie.framework */; };
		39879E001EF90C4200C2AED5 /* AppDelegate.swift in Sources */ = {isa = PBXBuildFile; fileRef = 39879DFF1EF90C4200C2AED5 /* AppDelegate.swift */; };
		39879E021EF90C4200C2AED5 /* ViewController.swift in Sources */ = {isa = PBXBuildFile; fileRef = 39879E011EF90C4200C2AED5 /* ViewController.swift */; };
		39879E051EF90C4200C2AED5 /* Main.storyboard in Resources */ = {isa = PBXBuildFile; fileRef = 39879E031EF90C4200C2AED5 /* Main.storyboard */; };
		39879E071EF90C4200C2AED5 /* Assets.xcassets in Resources */ = {isa = PBXBuildFile; fileRef = 39879E061EF90C4200C2AED5 /* Assets.xcassets */; };
		39879E0A1EF90C4200C2AED5 /* LaunchScreen.storyboard in Resources */ = {isa = PBXBuildFile; fileRef = 39879E081EF90C4200C2AED5 /* LaunchScreen.storyboard */; };
		39879E151EF90C4200C2AED5 /* TrippieTests.swift in Sources */ = {isa = PBXBuildFile; fileRef = 39879E141EF90C4200C2AED5 /* TrippieTests.swift */; };
		39F1619F1EF90DD5002E9FA6 /* keys.plist in Resources */ = {isa = PBXBuildFile; fileRef = 39F1619E1EF90DD5002E9FA6 /* keys.plist */; };
		6C5C0FC65EDDCB4B9778047B /* Pods_TrippieTests.framework in Frameworks */ = {isa = PBXBuildFile; fileRef = 6663C5331AD76918B70DA3C8 /* Pods_TrippieTests.framework */; };
/* End PBXBuildFile section */

/* Begin PBXContainerItemProxy section */
		39879E111EF90C4200C2AED5 /* PBXContainerItemProxy */ = {
			isa = PBXContainerItemProxy;
			containerPortal = 39879DF41EF90C4200C2AED5 /* Project object */;
			proxyType = 1;
			remoteGlobalIDString = 39879DFB1EF90C4200C2AED5;
			remoteInfo = Trippie;
		};
/* End PBXContainerItemProxy section */

/* Begin PBXFileReference section */
		39879DFC1EF90C4200C2AED5 /* Trippie.app */ = {isa = PBXFileReference; explicitFileType = wrapper.application; includeInIndex = 0; path = Trippie.app; sourceTree = BUILT_PRODUCTS_DIR; };
		39879DFF1EF90C4200C2AED5 /* AppDelegate.swift */ = {isa = PBXFileReference; lastKnownFileType = sourcecode.swift; path = AppDelegate.swift; sourceTree = "<group>"; };
		39879E011EF90C4200C2AED5 /* ViewController.swift */ = {isa = PBXFileReference; lastKnownFileType = sourcecode.swift; path = ViewController.swift; sourceTree = "<group>"; };
		39879E041EF90C4200C2AED5 /* Base */ = {isa = PBXFileReference; lastKnownFileType = file.storyboard; name = Base; path = Base.lproj/Main.storyboard; sourceTree = "<group>"; };
		39879E061EF90C4200C2AED5 /* Assets.xcassets */ = {isa = PBXFileReference; lastKnownFileType = folder.assetcatalog; path = Assets.xcassets; sourceTree = "<group>"; };
		39879E091EF90C4200C2AED5 /* Base */ = {isa = PBXFileReference; lastKnownFileType = file.storyboard; name = Base; path = Base.lproj/LaunchScreen.storyboard; sourceTree = "<group>"; };
		39879E0B1EF90C4200C2AED5 /* Info.plist */ = {isa = PBXFileReference; lastKnownFileType = text.plist.xml; path = Info.plist; sourceTree = "<group>"; };
		39879E101EF90C4200C2AED5 /* TrippieTests.xctest */ = {isa = PBXFileReference; explicitFileType = wrapper.cfbundle; includeInIndex = 0; path = TrippieTests.xctest; sourceTree = BUILT_PRODUCTS_DIR; };
		39879E141EF90C4200C2AED5 /* TrippieTests.swift */ = {isa = PBXFileReference; lastKnownFileType = sourcecode.swift; path = TrippieTests.swift; sourceTree = "<group>"; };
		39879E161EF90C4200C2AED5 /* Info.plist */ = {isa = PBXFileReference; lastKnownFileType = text.plist.xml; path = Info.plist; sourceTree = "<group>"; };
		39F1619E1EF90DD5002E9FA6 /* keys.plist */ = {isa = PBXFileReference; fileEncoding = 4; lastKnownFileType = text.plist.xml; path = keys.plist; sourceTree = "<group>"; };
		4BF7F27827CAE10AEFF8358F /* Pods-Trippie.release.xcconfig */ = {isa = PBXFileReference; includeInIndex = 1; lastKnownFileType = text.xcconfig; name = "Pods-Trippie.release.xcconfig"; path = "Pods/Target Support Files/Pods-Trippie/Pods-Trippie.release.xcconfig"; sourceTree = "<group>"; };
		6663C5331AD76918B70DA3C8 /* Pods_TrippieTests.framework */ = {isa = PBXFileReference; explicitFileType = wrapper.framework; includeInIndex = 0; path = Pods_TrippieTests.framework; sourceTree = BUILT_PRODUCTS_DIR; };
		77E9FE1E6AB645702C1536E9 /* Pods_Trippie.framework */ = {isa = PBXFileReference; explicitFileType = wrapper.framework; includeInIndex = 0; path = Pods_Trippie.framework; sourceTree = BUILT_PRODUCTS_DIR; };
		AA53710447FB1CA4373628F8 /* Pods-TrippieTests.debug.xcconfig */ = {isa = PBXFileReference; includeInIndex = 1; lastKnownFileType = text.xcconfig; name = "Pods-TrippieTests.debug.xcconfig"; path = "Pods/Target Support Files/Pods-TrippieTests/Pods-TrippieTests.debug.xcconfig"; sourceTree = "<group>"; };
		AC3324B4D7BD95B53CD55FF3 /* Pods-Trippie.debug.xcconfig */ = {isa = PBXFileReference; includeInIndex = 1; lastKnownFileType = text.xcconfig; name = "Pods-Trippie.debug.xcconfig"; path = "Pods/Target Support Files/Pods-Trippie/Pods-Trippie.debug.xcconfig"; sourceTree = "<group>"; };
		CF89C136D862C71CCFBBB17B /* Pods-TrippieTests.release.xcconfig */ = {isa = PBXFileReference; includeInIndex = 1; lastKnownFileType = text.xcconfig; name = "Pods-TrippieTests.release.xcconfig"; path = "Pods/Target Support Files/Pods-TrippieTests/Pods-TrippieTests.release.xcconfig"; sourceTree = "<group>"; };
/* End PBXFileReference section */

/* Begin PBXFrameworksBuildPhase section */
		39879DF91EF90C4200C2AED5 /* Frameworks */ = {
			isa = PBXFrameworksBuildPhase;
			buildActionMask = 2147483647;
			files = (
				0F6A1DCB6646FF50240E7A7E /* Pods_Trippie.framework in Frameworks */,
			);
			runOnlyForDeploymentPostprocessing = 0;
		};
		39879E0D1EF90C4200C2AED5 /* Frameworks */ = {
			isa = PBXFrameworksBuildPhase;
			buildActionMask = 2147483647;
			files = (
				6C5C0FC65EDDCB4B9778047B /* Pods_TrippieTests.framework in Frameworks */,
			);
			runOnlyForDeploymentPostprocessing = 0;
		};
/* End PBXFrameworksBuildPhase section */

/* Begin PBXGroup section */
		39879DF31EF90C4200C2AED5 = {
			isa = PBXGroup;
			children = (
				39F1619E1EF90DD5002E9FA6 /* keys.plist */,
				39879DFE1EF90C4200C2AED5 /* Trippie */,
				39879E131EF90C4200C2AED5 /* TrippieTests */,
				39879DFD1EF90C4200C2AED5 /* Products */,
				926E7A1BAC9BA3E5F0CB85D1 /* Pods */,
				C01345372FED36DC2DD920A9 /* Frameworks */,
			);
			sourceTree = "<group>";
		};
		39879DFD1EF90C4200C2AED5 /* Products */ = {
			isa = PBXGroup;
			children = (
				39879DFC1EF90C4200C2AED5 /* Trippie.app */,
				39879E101EF90C4200C2AED5 /* TrippieTests.xctest */,
			);
			name = Products;
			sourceTree = "<group>";
		};
		39879DFE1EF90C4200C2AED5 /* Trippie */ = {
			isa = PBXGroup;
			children = (
				39879DFF1EF90C4200C2AED5 /* AppDelegate.swift */,
				39879E011EF90C4200C2AED5 /* ViewController.swift */,
				39879E031EF90C4200C2AED5 /* Main.storyboard */,
				39879E061EF90C4200C2AED5 /* Assets.xcassets */,
				39879E081EF90C4200C2AED5 /* LaunchScreen.storyboard */,
				39879E0B1EF90C4200C2AED5 /* Info.plist */,
			);
			path = Trippie;
			sourceTree = "<group>";
		};
		39879E131EF90C4200C2AED5 /* TrippieTests */ = {
			isa = PBXGroup;
			children = (
				39879E141EF90C4200C2AED5 /* TrippieTests.swift */,
				39879E161EF90C4200C2AED5 /* Info.plist */,
			);
			path = TrippieTests;
			sourceTree = "<group>";
		};
		926E7A1BAC9BA3E5F0CB85D1 /* Pods */ = {
			isa = PBXGroup;
			children = (
				AC3324B4D7BD95B53CD55FF3 /* Pods-Trippie.debug.xcconfig */,
				4BF7F27827CAE10AEFF8358F /* Pods-Trippie.release.xcconfig */,
				AA53710447FB1CA4373628F8 /* Pods-TrippieTests.debug.xcconfig */,
				CF89C136D862C71CCFBBB17B /* Pods-TrippieTests.release.xcconfig */,
			);
			name = Pods;
			sourceTree = "<group>";
		};
		C01345372FED36DC2DD920A9 /* Frameworks */ = {
			isa = PBXGroup;
			children = (
				77E9FE1E6AB645702C1536E9 /* Pods_Trippie.framework */,
				6663C5331AD76918B70DA3C8 /* Pods_TrippieTests.framework */,
			);
			name = Frameworks;
			sourceTree = "<group>";
		};
/* End PBXGroup section */

/* Begin PBXNativeTarget section */
		39879DFB1EF90C4200C2AED5 /* Trippie */ = {
			isa = PBXNativeTarget;
			buildConfigurationList = 39879E191EF90C4200C2AED5 /* Build configuration list for PBXNativeTarget "Trippie" */;
			buildPhases = (
				0F8FC2F5AB77707FB6C3C91E /* [CP] Check Pods Manifest.lock */,
				39879DF81EF90C4200C2AED5 /* Sources */,
				39879DF91EF90C4200C2AED5 /* Frameworks */,
				39879DFA1EF90C4200C2AED5 /* Resources */,
				F71CEF71F354CA2E3453A28A /* [CP] Embed Pods Frameworks */,
				EF0A17373434076C269D662F /* [CP] Copy Pods Resources */,
			);
			buildRules = (
			);
			dependencies = (
			);
			name = Trippie;
			productName = Trippie;
			productReference = 39879DFC1EF90C4200C2AED5 /* Trippie.app */;
			productType = "com.apple.product-type.application";
		};
		39879E0F1EF90C4200C2AED5 /* TrippieTests */ = {
			isa = PBXNativeTarget;
			buildConfigurationList = 39879E1C1EF90C4200C2AED5 /* Build configuration list for PBXNativeTarget "TrippieTests" */;
			buildPhases = (
				5C100C7E0C3D2A8F609C0A0C /* [CP] Check Pods Manifest.lock */,
				39879E0C1EF90C4200C2AED5 /* Sources */,
				39879E0D1EF90C4200C2AED5 /* Frameworks */,
				39879E0E1EF90C4200C2AED5 /* Resources */,
				2208B2D2E640608CC460227E /* [CP] Embed Pods Frameworks */,
				76A8FCAEFC52D35FDB67349D /* [CP] Copy Pods Resources */,
			);
			buildRules = (
			);
			dependencies = (
				39879E121EF90C4200C2AED5 /* PBXTargetDependency */,
			);
			name = TrippieTests;
			productName = TrippieTests;
			productReference = 39879E101EF90C4200C2AED5 /* TrippieTests.xctest */;
			productType = "com.apple.product-type.bundle.unit-test";
		};
/* End PBXNativeTarget section */

/* Begin PBXProject section */
		39879DF41EF90C4200C2AED5 /* Project object */ = {
			isa = PBXProject;
			attributes = {
				LastSwiftUpdateCheck = 0830;
				LastUpgradeCheck = 0830;
				ORGANIZATIONNAME = "Ru Chern Chong";
				TargetAttributes = {
					39879DFB1EF90C4200C2AED5 = {
						CreatedOnToolsVersion = 8.3.3;
						DevelopmentTeam = 96NH8UVPYB;
						ProvisioningStyle = Automatic;
					};
					39879E0F1EF90C4200C2AED5 = {
						CreatedOnToolsVersion = 8.3.3;
						DevelopmentTeam = 96NH8UVPYB;
						ProvisioningStyle = Automatic;
						TestTargetID = 39879DFB1EF90C4200C2AED5;
					};
				};
			};
			buildConfigurationList = 39879DF71EF90C4200C2AED5 /* Build configuration list for PBXProject "Trippie" */;
			compatibilityVersion = "Xcode 3.2";
			developmentRegion = English;
			hasScannedForEncodings = 0;
			knownRegions = (
				en,
				Base,
			);
			mainGroup = 39879DF31EF90C4200C2AED5;
			productRefGroup = 39879DFD1EF90C4200C2AED5 /* Products */;
			projectDirPath = "";
			projectRoot = "";
			targets = (
				39879DFB1EF90C4200C2AED5 /* Trippie */,
				39879E0F1EF90C4200C2AED5 /* TrippieTests */,
			);
		};
/* End PBXProject section */

/* Begin PBXResourcesBuildPhase section */
		39879DFA1EF90C4200C2AED5 /* Resources */ = {
			isa = PBXResourcesBuildPhase;
			buildActionMask = 2147483647;
			files = (
				39F1619F1EF90DD5002E9FA6 /* keys.plist in Resources */,
				39879E0A1EF90C4200C2AED5 /* LaunchScreen.storyboard in Resources */,
				39879E071EF90C4200C2AED5 /* Assets.xcassets in Resources */,
				39879E051EF90C4200C2AED5 /* Main.storyboard in Resources */,
			);
			runOnlyForDeploymentPostprocessing = 0;
		};
		39879E0E1EF90C4200C2AED5 /* Resources */ = {
			isa = PBXResourcesBuildPhase;
			buildActionMask = 2147483647;
			files = (
			);
			runOnlyForDeploymentPostprocessing = 0;
		};
/* End PBXResourcesBuildPhase section */

/* Begin PBXShellScriptBuildPhase section */
		0F8FC2F5AB77707FB6C3C91E /* [CP] Check Pods Manifest.lock */ = {
			isa = PBXShellScriptBuildPhase;
			buildActionMask = 2147483647;
			files = (
			);
			inputPaths = (
			);
			name = "[CP] Check Pods Manifest.lock";
			outputPaths = (
			);
			runOnlyForDeploymentPostprocessing = 0;
			shellPath = /bin/sh;
			shellScript = "diff \"${PODS_PODFILE_DIR_PATH}/Podfile.lock\" \"${PODS_ROOT}/Manifest.lock\" > /dev/null\nif [ $? != 0 ] ; then\n    # print error to STDERR\n    echo \"error: The sandbox is not in sync with the Podfile.lock. Run 'pod install' or update your CocoaPods installation.\" >&2\n    exit 1\nfi\n";
			showEnvVarsInLog = 0;
		};
		2208B2D2E640608CC460227E /* [CP] Embed Pods Frameworks */ = {
			isa = PBXShellScriptBuildPhase;
			buildActionMask = 2147483647;
			files = (
			);
			inputPaths = (
			);
			name = "[CP] Embed Pods Frameworks";
			outputPaths = (
			);
			runOnlyForDeploymentPostprocessing = 0;
			shellPath = /bin/sh;
			shellScript = "\"${SRCROOT}/Pods/Target Support Files/Pods-TrippieTests/Pods-TrippieTests-frameworks.sh\"\n";
			showEnvVarsInLog = 0;
		};
		5C100C7E0C3D2A8F609C0A0C /* [CP] Check Pods Manifest.lock */ = {
			isa = PBXShellScriptBuildPhase;
			buildActionMask = 2147483647;
			files = (
			);
			inputPaths = (
			);
			name = "[CP] Check Pods Manifest.lock";
			outputPaths = (
			);
			runOnlyForDeploymentPostprocessing = 0;
			shellPath = /bin/sh;
			shellScript = "diff \"${PODS_PODFILE_DIR_PATH}/Podfile.lock\" \"${PODS_ROOT}/Manifest.lock\" > /dev/null\nif [ $? != 0 ] ; then\n    # print error to STDERR\n    echo \"error: The sandbox is not in sync with the Podfile.lock. Run 'pod install' or update your CocoaPods installation.\" >&2\n    exit 1\nfi\n";
			showEnvVarsInLog = 0;
		};
		76A8FCAEFC52D35FDB67349D /* [CP] Copy Pods Resources */ = {
			isa = PBXShellScriptBuildPhase;
			buildActionMask = 2147483647;
			files = (
			);
			inputPaths = (
			);
			name = "[CP] Copy Pods Resources";
			outputPaths = (
			);
			runOnlyForDeploymentPostprocessing = 0;
			shellPath = /bin/sh;
			shellScript = "\"${SRCROOT}/Pods/Target Support Files/Pods-TrippieTests/Pods-TrippieTests-resources.sh\"\n";
			showEnvVarsInLog = 0;
		};
		EF0A17373434076C269D662F /* [CP] Copy Pods Resources */ = {
			isa = PBXShellScriptBuildPhase;
			buildActionMask = 2147483647;
			files = (
			);
			inputPaths = (
			);
			name = "[CP] Copy Pods Resources";
			outputPaths = (
			);
			runOnlyForDeploymentPostprocessing = 0;
			shellPath = /bin/sh;
			shellScript = "\"${SRCROOT}/Pods/Target Support Files/Pods-Trippie/Pods-Trippie-resources.sh\"\n";
			showEnvVarsInLog = 0;
		};
		F71CEF71F354CA2E3453A28A /* [CP] Embed Pods Frameworks */ = {
			isa = PBXShellScriptBuildPhase;
			buildActionMask = 2147483647;
			files = (
			);
			inputPaths = (
			);
			name = "[CP] Embed Pods Frameworks";
			outputPaths = (
			);
			runOnlyForDeploymentPostprocessing = 0;
			shellPath = /bin/sh;
			shellScript = "\"${SRCROOT}/Pods/Target Support Files/Pods-Trippie/Pods-Trippie-frameworks.sh\"\n";
			showEnvVarsInLog = 0;
		};
/* End PBXShellScriptBuildPhase section */

/* Begin PBXSourcesBuildPhase section */
		39879DF81EF90C4200C2AED5 /* Sources */ = {
			isa = PBXSourcesBuildPhase;
			buildActionMask = 2147483647;
			files = (
				39879E021EF90C4200C2AED5 /* ViewController.swift in Sources */,
				39879E001EF90C4200C2AED5 /* AppDelegate.swift in Sources */,
			);
			runOnlyForDeploymentPostprocessing = 0;
		};
		39879E0C1EF90C4200C2AED5 /* Sources */ = {
			isa = PBXSourcesBuildPhase;
			buildActionMask = 2147483647;
			files = (
				39879E151EF90C4200C2AED5 /* TrippieTests.swift in Sources */,
			);
			runOnlyForDeploymentPostprocessing = 0;
		};
/* End PBXSourcesBuildPhase section */

/* Begin PBXTargetDependency section */
		39879E121EF90C4200C2AED5 /* PBXTargetDependency */ = {
			isa = PBXTargetDependency;
			target = 39879DFB1EF90C4200C2AED5 /* Trippie */;
			targetProxy = 39879E111EF90C4200C2AED5 /* PBXContainerItemProxy */;
		};
/* End PBXTargetDependency section */

/* Begin PBXVariantGroup section */
		39879E031EF90C4200C2AED5 /* Main.storyboard */ = {
			isa = PBXVariantGroup;
			children = (
				39879E041EF90C4200C2AED5 /* Base */,
			);
			name = Main.storyboard;
			sourceTree = "<group>";
		};
		39879E081EF90C4200C2AED5 /* LaunchScreen.storyboard */ = {
			isa = PBXVariantGroup;
			children = (
				39879E091EF90C4200C2AED5 /* Base */,
			);
			name = LaunchScreen.storyboard;
			sourceTree = "<group>";
		};
/* End PBXVariantGroup section */

/* Begin XCBuildConfiguration section */
		39879E171EF90C4200C2AED5 /* Debug */ = {
			isa = XCBuildConfiguration;
			buildSettings = {
				ALWAYS_SEARCH_USER_PATHS = NO;
				CLANG_ANALYZER_NONNULL = YES;
				CLANG_ANALYZER_NUMBER_OBJECT_CONVERSION = YES_AGGRESSIVE;
				CLANG_CXX_LANGUAGE_STANDARD = "gnu++0x";
				CLANG_CXX_LIBRARY = "libc++";
				CLANG_ENABLE_MODULES = YES;
				CLANG_ENABLE_OBJC_ARC = YES;
				CLANG_WARN_BOOL_CONVERSION = YES;
				CLANG_WARN_CONSTANT_CONVERSION = YES;
				CLANG_WARN_DIRECT_OBJC_ISA_USAGE = YES_ERROR;
				CLANG_WARN_DOCUMENTATION_COMMENTS = YES;
				CLANG_WARN_EMPTY_BODY = YES;
				CLANG_WARN_ENUM_CONVERSION = YES;
				CLANG_WARN_INFINITE_RECURSION = YES;
				CLANG_WARN_INT_CONVERSION = YES;
				CLANG_WARN_OBJC_ROOT_CLASS = YES_ERROR;
				CLANG_WARN_SUSPICIOUS_MOVE = YES;
				CLANG_WARN_UNREACHABLE_CODE = YES;
				CLANG_WARN__DUPLICATE_METHOD_MATCH = YES;
				"CODE_SIGN_IDENTITY[sdk=iphoneos*]" = "iPhone Developer";
				COPY_PHASE_STRIP = NO;
				DEBUG_INFORMATION_FORMAT = dwarf;
				ENABLE_STRICT_OBJC_MSGSEND = YES;
				ENABLE_TESTABILITY = YES;
				GCC_C_LANGUAGE_STANDARD = gnu99;
				GCC_DYNAMIC_NO_PIC = NO;
				GCC_NO_COMMON_BLOCKS = YES;
				GCC_OPTIMIZATION_LEVEL = 0;
				GCC_PREPROCESSOR_DEFINITIONS = (
					"DEBUG=1",
					"$(inherited)",
				);
				GCC_WARN_64_TO_32_BIT_CONVERSION = YES;
				GCC_WARN_ABOUT_RETURN_TYPE = YES_ERROR;
				GCC_WARN_UNDECLARED_SELECTOR = YES;
				GCC_WARN_UNINITIALIZED_AUTOS = YES_AGGRESSIVE;
				GCC_WARN_UNUSED_FUNCTION = YES;
				GCC_WARN_UNUSED_VARIABLE = YES;
				IPHONEOS_DEPLOYMENT_TARGET = 10.3;
				MTL_ENABLE_DEBUG_INFO = YES;
				ONLY_ACTIVE_ARCH = YES;
				SDKROOT = iphoneos;
				SWIFT_ACTIVE_COMPILATION_CONDITIONS = DEBUG;
				SWIFT_OPTIMIZATION_LEVEL = "-Onone";
				TARGETED_DEVICE_FAMILY = "1,2";
			};
			name = Debug;
		};
		39879E181EF90C4200C2AED5 /* Release */ = {
			isa = XCBuildConfiguration;
			buildSettings = {
				ALWAYS_SEARCH_USER_PATHS = NO;
				CLANG_ANALYZER_NONNULL = YES;
				CLANG_ANALYZER_NUMBER_OBJECT_CONVERSION = YES_AGGRESSIVE;
				CLANG_CXX_LANGUAGE_STANDARD = "gnu++0x";
				CLANG_CXX_LIBRARY = "libc++";
				CLANG_ENABLE_MODULES = YES;
				CLANG_ENABLE_OBJC_ARC = YES;
				CLANG_WARN_BOOL_CONVERSION = YES;
				CLANG_WARN_CONSTANT_CONVERSION = YES;
				CLANG_WARN_DIRECT_OBJC_ISA_USAGE = YES_ERROR;
				CLANG_WARN_DOCUMENTATION_COMMENTS = YES;
				CLANG_WARN_EMPTY_BODY = YES;
				CLANG_WARN_ENUM_CONVERSION = YES;
				CLANG_WARN_INFINITE_RECURSION = YES;
				CLANG_WARN_INT_CONVERSION = YES;
				CLANG_WARN_OBJC_ROOT_CLASS = YES_ERROR;
				CLANG_WARN_SUSPICIOUS_MOVE = YES;
				CLANG_WARN_UNREACHABLE_CODE = YES;
				CLANG_WARN__DUPLICATE_METHOD_MATCH = YES;
				"CODE_SIGN_IDENTITY[sdk=iphoneos*]" = "iPhone Developer";
				COPY_PHASE_STRIP = NO;
				DEBUG_INFORMATION_FORMAT = "dwarf-with-dsym";
				ENABLE_NS_ASSERTIONS = NO;
				ENABLE_STRICT_OBJC_MSGSEND = YES;
				GCC_C_LANGUAGE_STANDARD = gnu99;
				GCC_NO_COMMON_BLOCKS = YES;
				GCC_WARN_64_TO_32_BIT_CONVERSION = YES;
				GCC_WARN_ABOUT_RETURN_TYPE = YES_ERROR;
				GCC_WARN_UNDECLARED_SELECTOR = YES;
				GCC_WARN_UNINITIALIZED_AUTOS = YES_AGGRESSIVE;
				GCC_WARN_UNUSED_FUNCTION = YES;
				GCC_WARN_UNUSED_VARIABLE = YES;
				IPHONEOS_DEPLOYMENT_TARGET = 10.3;
				MTL_ENABLE_DEBUG_INFO = NO;
				SDKROOT = iphoneos;
				SWIFT_OPTIMIZATION_LEVEL = "-Owholemodule";
				TARGETED_DEVICE_FAMILY = "1,2";
				VALIDATE_PRODUCT = YES;
			};
			name = Release;
		};
		39879E1A1EF90C4200C2AED5 /* Debug */ = {
			isa = XCBuildConfiguration;
			baseConfigurationReference = AC3324B4D7BD95B53CD55FF3 /* Pods-Trippie.debug.xcconfig */;
			buildSettings = {
				ASSETCATALOG_COMPILER_APPICON_NAME = AppIcon;
				DEVELOPMENT_TEAM = 96NH8UVPYB;
				INFOPLIST_FILE = Trippie/Info.plist;
				LD_RUNPATH_SEARCH_PATHS = "$(inherited) @executable_path/Frameworks";
				PRODUCT_BUNDLE_IDENTIFIER = com.ruchern.Trippie;
				PRODUCT_NAME = "$(TARGET_NAME)";
				SWIFT_VERSION = 3.0;
			};
			name = Debug;
		};
		39879E1B1EF90C4200C2AED5 /* Release */ = {
			isa = XCBuildConfiguration;
			baseConfigurationReference = 4BF7F27827CAE10AEFF8358F /* Pods-Trippie.release.xcconfig */;
			buildSettings = {
				ASSETCATALOG_COMPILER_APPICON_NAME = AppIcon;
				DEVELOPMENT_TEAM = 96NH8UVPYB;
				INFOPLIST_FILE = Trippie/Info.plist;
				LD_RUNPATH_SEARCH_PATHS = "$(inherited) @executable_path/Frameworks";
				PRODUCT_BUNDLE_IDENTIFIER = com.ruchern.Trippie;
				PRODUCT_NAME = "$(TARGET_NAME)";
				SWIFT_VERSION = 3.0;
			};
			name = Release;
		};
		39879E1D1EF90C4200C2AED5 /* Debug */ = {
			isa = XCBuildConfiguration;
			baseConfigurationReference = AA53710447FB1CA4373628F8 /* Pods-TrippieTests.debug.xcconfig */;
			buildSettings = {
				ALWAYS_EMBED_SWIFT_STANDARD_LIBRARIES = YES;
				BUNDLE_LOADER = "$(TEST_HOST)";
				DEVELOPMENT_TEAM = 96NH8UVPYB;
				INFOPLIST_FILE = TrippieTests/Info.plist;
				LD_RUNPATH_SEARCH_PATHS = "$(inherited) @executable_path/Frameworks @loader_path/Frameworks";
				PRODUCT_BUNDLE_IDENTIFIER = com.ruchern.TrippieTests;
				PRODUCT_NAME = "$(TARGET_NAME)";
				SWIFT_VERSION = 3.0;
				TEST_HOST = "$(BUILT_PRODUCTS_DIR)/Trippie.app/Trippie";
			};
			name = Debug;
		};
		39879E1E1EF90C4200C2AED5 /* Release */ = {
			isa = XCBuildConfiguration;
			baseConfigurationReference = CF89C136D862C71CCFBBB17B /* Pods-TrippieTests.release.xcconfig */;
			buildSettings = {
				ALWAYS_EMBED_SWIFT_STANDARD_LIBRARIES = YES;
				BUNDLE_LOADER = "$(TEST_HOST)";
				DEVELOPMENT_TEAM = 96NH8UVPYB;
				INFOPLIST_FILE = TrippieTests/Info.plist;
				LD_RUNPATH_SEARCH_PATHS = "$(inherited) @executable_path/Frameworks @loader_path/Frameworks";
				PRODUCT_BUNDLE_IDENTIFIER = com.ruchern.TrippieTests;
				PRODUCT_NAME = "$(TARGET_NAME)";
				SWIFT_VERSION = 3.0;
				TEST_HOST = "$(BUILT_PRODUCTS_DIR)/Trippie.app/Trippie";
			};
			name = Release;
		};
/* End XCBuildConfiguration section */

/* Begin XCConfigurationList section */
		39879DF71EF90C4200C2AED5 /* Build configuration list for PBXProject "Trippie" */ = {
			isa = XCConfigurationList;
			buildConfigurations = (
				39879E171EF90C4200C2AED5 /* Debug */,
				39879E181EF90C4200C2AED5 /* Release */,
			);
			defaultConfigurationIsVisible = 0;
			defaultConfigurationName = Release;
		};
		39879E191EF90C4200C2AED5 /* Build configuration list for PBXNativeTarget "Trippie" */ = {
			isa = XCConfigurationList;
			buildConfigurations = (
				39879E1A1EF90C4200C2AED5 /* Debug */,
				39879E1B1EF90C4200C2AED5 /* Release */,
			);
			defaultConfigurationIsVisible = 0;
			defaultConfigurationName = Release;
		};
		39879E1C1EF90C4200C2AED5 /* Build configuration list for PBXNativeTarget "TrippieTests" */ = {
			isa = XCConfigurationList;
			buildConfigurations = (
				39879E1D1EF90C4200C2AED5 /* Debug */,
				39879E1E1EF90C4200C2AED5 /* Release */,
			);
			defaultConfigurationIsVisible = 0;
			defaultConfigurationName = Release;
		};
/* End XCConfigurationList section */
	};
	rootObject = 39879DF41EF90C4200C2AED5 /* Project object */;
}
